// !$*UTF8*$!
{
	archiveVersion = 1;
	classes = {
	};
	objectVersion = 46;
	objects = {

/* Begin PBXBuildFile section */
		049E672C18DEECE700C61C2F /* Foundation.framework in Frameworks */ = {isa = PBXBuildFile; fileRef = 049E672B18DEECE700C61C2F /* Foundation.framework */; };
		049E672E18DEECE700C61C2F /* CoreGraphics.framework in Frameworks */ = {isa = PBXBuildFile; fileRef = 049E672D18DEECE700C61C2F /* CoreGraphics.framework */; };
		049E673018DEECE700C61C2F /* UIKit.framework in Frameworks */ = {isa = PBXBuildFile; fileRef = 049E672F18DEECE700C61C2F /* UIKit.framework */; };
		049E673618DEECE700C61C2F /* InfoPlist.strings in Resources */ = {isa = PBXBuildFile; fileRef = 049E673418DEECE700C61C2F /* InfoPlist.strings */; };
		049E673818DEECE700C61C2F /* main.m in Sources */ = {isa = PBXBuildFile; fileRef = 049E673718DEECE700C61C2F /* main.m */; };
		049E673C18DEECE700C61C2F /* AppDelegate.m in Sources */ = {isa = PBXBuildFile; fileRef = 049E673B18DEECE700C61C2F /* AppDelegate.m */; };
		049E673F18DEECE700C61C2F /* Main.storyboard in Resources */ = {isa = PBXBuildFile; fileRef = 049E673D18DEECE700C61C2F /* Main.storyboard */; };
		049E674218DEECE700C61C2F /* ViewController.m in Sources */ = {isa = PBXBuildFile; fileRef = 049E674118DEECE700C61C2F /* ViewController.m */; };
		049E674418DEECE700C61C2F /* Images.xcassets in Resources */ = {isa = PBXBuildFile; fileRef = 049E674318DEECE700C61C2F /* Images.xcassets */; };
		049E674B18DEECE700C61C2F /* XCTest.framework in Frameworks */ = {isa = PBXBuildFile; fileRef = 049E674A18DEECE700C61C2F /* XCTest.framework */; };
		049E674C18DEECE700C61C2F /* Foundation.framework in Frameworks */ = {isa = PBXBuildFile; fileRef = 049E672B18DEECE700C61C2F /* Foundation.framework */; };
		049E674D18DEECE700C61C2F /* UIKit.framework in Frameworks */ = {isa = PBXBuildFile; fileRef = 049E672F18DEECE700C61C2F /* UIKit.framework */; };
		049E675518DEECE700C61C2F /* InfoPlist.strings in Resources */ = {isa = PBXBuildFile; fileRef = 049E675318DEECE700C61C2F /* InfoPlist.strings */; };
		049E675718DEECE700C61C2F /* JKLabelAnimationTests.m in Sources */ = {isa = PBXBuildFile; fileRef = 049E675618DEECE700C61C2F /* JKLabelAnimationTests.m */; };
		049E676318DEF12700C61C2F /* JKNeonlampView.m in Sources */ = {isa = PBXBuildFile; fileRef = 049E676218DEF12700C61C2F /* JKNeonlampView.m */; };
/* End PBXBuildFile section */

/* Begin PBXContainerItemProxy section */
		049E674E18DEECE700C61C2F /* PBXContainerItemProxy */ = {
			isa = PBXContainerItemProxy;
			containerPortal = 049E672018DEECE700C61C2F /* Project object */;
			proxyType = 1;
			remoteGlobalIDString = 049E672718DEECE700C61C2F;
			remoteInfo = JKLabelAnimation;
		};
/* End PBXContainerItemProxy section */

/* Begin PBXFileReference section */
		049E672818DEECE700C61C2F /* JKLabelAnimation.app */ = {isa = PBXFileReference; explicitFileType = wrapper.application; includeInIndex = 0; path = JKLabelAnimation.app; sourceTree = BUILT_PRODUCTS_DIR; };
		049E672B18DEECE700C61C2F /* Foundation.framework */ = {isa = PBXFileReference; lastKnownFileType = wrapper.framework; name = Foundation.framework; path = System/Library/Frameworks/Foundation.framework; sourceTree = SDKROOT; };
		049E672D18DEECE700C61C2F /* CoreGraphics.framework */ = {isa = PBXFileReference; lastKnownFileType = wrapper.framework; name = CoreGraphics.framework; path = System/Library/Frameworks/CoreGraphics.framework; sourceTree = SDKROOT; };
		049E672F18DEECE700C61C2F /* UIKit.framework */ = {isa = PBXFileReference; lastKnownFileType = wrapper.framework; name = UIKit.framework; path = System/Library/Frameworks/UIKit.framework; sourceTree = SDKROOT; };
		049E673318DEECE700C61C2F /* JKLabelAnimation-Info.plist */ = {isa = PBXFileReference; lastKnownFileType = text.plist.xml; path = "JKLabelAnimation-Info.plist"; sourceTree = "<group>"; };
		049E673518DEECE700C61C2F /* en */ = {isa = PBXFileReference; lastKnownFileType = text.plist.strings; name = en; path = en.lproj/InfoPlist.strings; sourceTree = "<group>"; };
		049E673718DEECE700C61C2F /* main.m */ = {isa = PBXFileReference; lastKnownFileType = sourcecode.c.objc; path = main.m; sourceTree = "<group>"; };
		049E673918DEECE700C61C2F /* JKLabelAnimation-Prefix.pch */ = {isa = PBXFileReference; lastKnownFileType = sourcecode.c.h; path = "JKLabelAnimation-Prefix.pch"; sourceTree = "<group>"; };
		049E673A18DEECE700C61C2F /* AppDelegate.h */ = {isa = PBXFileReference; lastKnownFileType = sourcecode.c.h; path = AppDelegate.h; sourceTree = "<group>"; };
		049E673B18DEECE700C61C2F /* AppDelegate.m */ = {isa = PBXFileReference; lastKnownFileType = sourcecode.c.objc; path = AppDelegate.m; sourceTree = "<group>"; };
		049E673E18DEECE700C61C2F /* Base */ = {isa = PBXFileReference; lastKnownFileType = file.storyboard; name = Base; path = Base.lproj/Main.storyboard; sourceTree = "<group>"; };
		049E674018DEECE700C61C2F /* ViewController.h */ = {isa = PBXFileReference; lastKnownFileType = sourcecode.c.h; path = ViewController.h; sourceTree = "<group>"; };
		049E674118DEECE700C61C2F /* ViewController.m */ = {isa = PBXFileReference; lastKnownFileType = sourcecode.c.objc; path = ViewController.m; sourceTree = "<group>"; };
		049E674318DEECE700C61C2F /* Images.xcassets */ = {isa = PBXFileReference; lastKnownFileType = folder.assetcatalog; path = Images.xcassets; sourceTree = "<group>"; };
		049E674918DEECE700C61C2F /* JKLabelAnimationTests.xctest */ = {isa = PBXFileReference; explicitFileType = wrapper.cfbundle; includeInIndex = 0; path = JKLabelAnimationTests.xctest; sourceTree = BUILT_PRODUCTS_DIR; };
		049E674A18DEECE700C61C2F /* XCTest.framework */ = {isa = PBXFileReference; lastKnownFileType = wrapper.framework; name = XCTest.framework; path = Library/Frameworks/XCTest.framework; sourceTree = DEVELOPER_DIR; };
		049E675218DEECE700C61C2F /* JKLabelAnimationTests-Info.plist */ = {isa = PBXFileReference; lastKnownFileType = text.plist.xml; path = "JKLabelAnimationTests-Info.plist"; sourceTree = "<group>"; };
		049E675418DEECE700C61C2F /* en */ = {isa = PBXFileReference; lastKnownFileType = text.plist.strings; name = en; path = en.lproj/InfoPlist.strings; sourceTree = "<group>"; };
		049E675618DEECE700C61C2F /* JKLabelAnimationTests.m */ = {isa = PBXFileReference; lastKnownFileType = sourcecode.c.objc; path = JKLabelAnimationTests.m; sourceTree = "<group>"; };
		049E676118DEF12700C61C2F /* JKNeonlampView.h */ = {isa = PBXFileReference; fileEncoding = 4; lastKnownFileType = sourcecode.c.h; name = JKNeonlampView.h; path = JKNeonlampView/JKNeonlampView.h; sourceTree = SOURCE_ROOT; };
		049E676218DEF12700C61C2F /* JKNeonlampView.m */ = {isa = PBXFileReference; fileEncoding = 4; lastKnownFileType = sourcecode.c.objc; name = JKNeonlampView.m; path = JKNeonlampView/JKNeonlampView.m; sourceTree = SOURCE_ROOT; };
/* End PBXFileReference section */

/* Begin PBXFrameworksBuildPhase section */
		049E672518DEECE700C61C2F /* Frameworks */ = {
			isa = PBXFrameworksBuildPhase;
			buildActionMask = 2147483647;
			files = (
				049E672E18DEECE700C61C2F /* CoreGraphics.framework in Frameworks */,
				049E673018DEECE700C61C2F /* UIKit.framework in Frameworks */,
				049E672C18DEECE700C61C2F /* Foundation.framework in Frameworks */,
			);
			runOnlyForDeploymentPostprocessing = 0;
		};
		049E674618DEECE700C61C2F /* Frameworks */ = {
			isa = PBXFrameworksBuildPhase;
			buildActionMask = 2147483647;
			files = (
				049E674B18DEECE700C61C2F /* XCTest.framework in Frameworks */,
				049E674D18DEECE700C61C2F /* UIKit.framework in Frameworks */,
				049E674C18DEECE700C61C2F /* Foundation.framework in Frameworks */,
			);
			runOnlyForDeploymentPostprocessing = 0;
		};
/* End PBXFrameworksBuildPhase section */

/* Begin PBXGroup section */
		049E671F18DEECE700C61C2F = {
			isa = PBXGroup;
			children = (
				049E673118DEECE700C61C2F /* JKLabelAnimation */,
				049E675018DEECE700C61C2F /* JKLabelAnimationTests */,
				049E672A18DEECE700C61C2F /* Frameworks */,
				049E672918DEECE700C61C2F /* Products */,
			);
			sourceTree = "<group>";
		};
		049E672918DEECE700C61C2F /* Products */ = {
			isa = PBXGroup;
			children = (
				049E672818DEECE700C61C2F /* JKLabelAnimation.app */,
				049E674918DEECE700C61C2F /* JKLabelAnimationTests.xctest */,
			);
			name = Products;
			sourceTree = "<group>";
		};
		049E672A18DEECE700C61C2F /* Frameworks */ = {
			isa = PBXGroup;
			children = (
				049E672B18DEECE700C61C2F /* Foundation.framework */,
				049E672D18DEECE700C61C2F /* CoreGraphics.framework */,
				049E672F18DEECE700C61C2F /* UIKit.framework */,
				049E674A18DEECE700C61C2F /* XCTest.framework */,
			);
			name = Frameworks;
			sourceTree = "<group>";
		};
		049E673118DEECE700C61C2F /* JKLabelAnimation */ = {
			isa = PBXGroup;
			children = (
				049E676018DEF10100C61C2F /* JKNeonlampView */,
				049E673A18DEECE700C61C2F /* AppDelegate.h */,
				049E673B18DEECE700C61C2F /* AppDelegate.m */,
				049E673D18DEECE700C61C2F /* Main.storyboard */,
				049E674018DEECE700C61C2F /* ViewController.h */,
				049E674118DEECE700C61C2F /* ViewController.m */,
				049E674318DEECE700C61C2F /* Images.xcassets */,
				049E673218DEECE700C61C2F /* Supporting Files */,
			);
			path = JKLabelAnimation;
			sourceTree = "<group>";
		};
		049E673218DEECE700C61C2F /* Supporting Files */ = {
			isa = PBXGroup;
			children = (
				049E673318DEECE700C61C2F /* JKLabelAnimation-Info.plist */,
				049E673418DEECE700C61C2F /* InfoPlist.strings */,
				049E673718DEECE700C61C2F /* main.m */,
				049E673918DEECE700C61C2F /* JKLabelAnimation-Prefix.pch */,
			);
			name = "Supporting Files";
			sourceTree = "<group>";
		};
		049E675018DEECE700C61C2F /* JKLabelAnimationTests */ = {
			isa = PBXGroup;
			children = (
				049E675618DEECE700C61C2F /* JKLabelAnimationTests.m */,
				049E675118DEECE700C61C2F /* Supporting Files */,
			);
			path = JKLabelAnimationTests;
			sourceTree = "<group>";
		};
		049E675118DEECE700C61C2F /* Supporting Files */ = {
			isa = PBXGroup;
			children = (
				049E675218DEECE700C61C2F /* JKLabelAnimationTests-Info.plist */,
				049E675318DEECE700C61C2F /* InfoPlist.strings */,
			);
			name = "Supporting Files";
			sourceTree = "<group>";
		};
		049E676018DEF10100C61C2F /* JKNeonlampView */ = {
			isa = PBXGroup;
			children = (
				049E676118DEF12700C61C2F /* JKNeonlampView.h */,
				049E676218DEF12700C61C2F /* JKNeonlampView.m */,
			);
			path = JKNeonlampView;
			sourceTree = "<group>";
		};
/* End PBXGroup section */

/* Begin PBXNativeTarget section */
		049E672718DEECE700C61C2F /* JKLabelAnimation */ = {
			isa = PBXNativeTarget;
			buildConfigurationList = 049E675A18DEECE700C61C2F /* Build configuration list for PBXNativeTarget "JKLabelAnimation" */;
			buildPhases = (
				049E672418DEECE700C61C2F /* Sources */,
				049E672518DEECE700C61C2F /* Frameworks */,
				049E672618DEECE700C61C2F /* Resources */,
			);
			buildRules = (
			);
			dependencies = (
			);
			name = JKLabelAnimation;
			productName = JKLabelAnimation;
			productReference = 049E672818DEECE700C61C2F /* JKLabelAnimation.app */;
			productType = "com.apple.product-type.application";
		};
		049E674818DEECE700C61C2F /* JKLabelAnimationTests */ = {
			isa = PBXNativeTarget;
			buildConfigurationList = 049E675D18DEECE700C61C2F /* Build configuration list for PBXNativeTarget "JKLabelAnimationTests" */;
			buildPhases = (
				049E674518DEECE700C61C2F /* Sources */,
				049E674618DEECE700C61C2F /* Frameworks */,
				049E674718DEECE700C61C2F /* Resources */,
			);
			buildRules = (
			);
			dependencies = (
				049E674F18DEECE700C61C2F /* PBXTargetDependency */,
			);
			name = JKLabelAnimationTests;
			productName = JKLabelAnimationTests;
			productReference = 049E674918DEECE700C61C2F /* JKLabelAnimationTests.xctest */;
			productType = "com.apple.product-type.bundle.unit-test";
		};
/* End PBXNativeTarget section */

/* Begin PBXProject section */
		049E672018DEECE700C61C2F /* Project object */ = {
			isa = PBXProject;
			attributes = {
				LastUpgradeCheck = 0510;
				ORGANIZATIONNAME = KerKerStudio;
				TargetAttributes = {
					049E674818DEECE700C61C2F = {
						TestTargetID = 049E672718DEECE700C61C2F;
					};
				};
			};
			buildConfigurationList = 049E672318DEECE700C61C2F /* Build configuration list for PBXProject "JKLabelAnimation" */;
			compatibilityVersion = "Xcode 3.2";
			developmentRegion = English;
			hasScannedForEncodings = 0;
			knownRegions = (
				en,
				Base,
			);
			mainGroup = 049E671F18DEECE700C61C2F;
			productRefGroup = 049E672918DEECE700C61C2F /* Products */;
			projectDirPath = "";
			projectRoot = "";
			targets = (
				049E672718DEECE700C61C2F /* JKLabelAnimation */,
				049E674818DEECE700C61C2F /* JKLabelAnimationTests */,
			);
		};
/* End PBXProject section */

/* Begin PBXResourcesBuildPhase section */
		049E672618DEECE700C61C2F /* Resources */ = {
			isa = PBXResourcesBuildPhase;
			buildActionMask = 2147483647;
			files = (
				049E674418DEECE700C61C2F /* Images.xcassets in Resources */,
				049E673618DEECE700C61C2F /* InfoPlist.strings in Resources */,
				049E673F18DEECE700C61C2F /* Main.storyboard in Resources */,
			);
			runOnlyForDeploymentPostprocessing = 0;
		};
		049E674718DEECE700C61C2F /* Resources */ = {
			isa = PBXResourcesBuildPhase;
			buildActionMask = 2147483647;
			files = (
				049E675518DEECE700C61C2F /* InfoPlist.strings in Resources */,
			);
			runOnlyForDeploymentPostprocessing = 0;
		};
/* End PBXResourcesBuildPhase section */

/* Begin PBXSourcesBuildPhase section */
		049E672418DEECE700C61C2F /* Sources */ = {
			isa = PBXSourcesBuildPhase;
			buildActionMask = 2147483647;
			files = (
				049E674218DEECE700C61C2F /* ViewController.m in Sources */,
				049E676318DEF12700C61C2F /* JKNeonlampView.m in Sources */,
				049E673C18DEECE700C61C2F /* AppDelegate.m in Sources */,
				049E673818DEECE700C61C2F /* main.m in Sources */,
			);
			runOnlyForDeploymentPostprocessing = 0;
		};
		049E674518DEECE700C61C2F /* Sources */ = {
			isa = PBXSourcesBuildPhase;
			buildActionMask = 2147483647;
			files = (
				049E675718DEECE700C61C2F /* JKLabelAnimationTests.m in Sources */,
			);
			runOnlyForDeploymentPostprocessing = 0;
		};
/* End PBXSourcesBuildPhase section */

/* Begin PBXTargetDependency section */
		049E674F18DEECE700C61C2F /* PBXTargetDependency */ = {
			isa = PBXTargetDependency;
			target = 049E672718DEECE700C61C2F /* JKLabelAnimation */;
			targetProxy = 049E674E18DEECE700C61C2F /* PBXContainerItemProxy */;
		};
/* End PBXTargetDependency section */

/* Begin PBXVariantGroup section */
		049E673418DEECE700C61C2F /* InfoPlist.strings */ = {
			isa = PBXVariantGroup;
			children = (
				049E673518DEECE700C61C2F /* en */,
			);
			name = InfoPlist.strings;
			sourceTree = "<group>";
		};
		049E673D18DEECE700C61C2F /* Main.storyboard */ = {
			isa = PBXVariantGroup;
			children = (
				049E673E18DEECE700C61C2F /* Base */,
			);
			name = Main.storyboard;
			sourceTree = "<group>";
		};
		049E675318DEECE700C61C2F /* InfoPlist.strings */ = {
			isa = PBXVariantGroup;
			children = (
				049E675418DEECE700C61C2F /* en */,
			);
			name = InfoPlist.strings;
			sourceTree = "<group>";
		};
/* End PBXVariantGroup section */

/* Begin XCBuildConfiguration section */
		049E675818DEECE700C61C2F /* Debug */ = {
			isa = XCBuildConfiguration;
			buildSettings = {
				ALWAYS_SEARCH_USER_PATHS = NO;
				CLANG_CXX_LANGUAGE_STANDARD = "gnu++0x";
				CLANG_CXX_LIBRARY = "libc++";
				CLANG_ENABLE_MODULES = YES;
				CLANG_ENABLE_OBJC_ARC = YES;
				CLANG_WARN_BOOL_CONVERSION = YES;
				CLANG_WARN_CONSTANT_CONVERSION = YES;
				CLANG_WARN_DIRECT_OBJC_ISA_USAGE = YES_ERROR;
				CLANG_WARN_EMPTY_BODY = YES;
				CLANG_WARN_ENUM_CONVERSION = YES;
				CLANG_WARN_INT_CONVERSION = YES;
				CLANG_WARN_OBJC_ROOT_CLASS = YES_ERROR;
				CLANG_WARN__DUPLICATE_METHOD_MATCH = YES;
				"CODE_SIGN_IDENTITY[sdk=iphoneos*]" = "iPhone Developer";
				COPY_PHASE_STRIP = NO;
				GCC_C_LANGUAGE_STANDARD = gnu99;
				GCC_DYNAMIC_NO_PIC = NO;
				GCC_OPTIMIZATION_LEVEL = 0;
				GCC_PREPROCESSOR_DEFINITIONS = (
					"DEBUG=1",
					"$(inherited)",
				);
				GCC_SYMBOLS_PRIVATE_EXTERN = NO;
				GCC_WARN_64_TO_32_BIT_CONVERSION = YES;
				GCC_WARN_ABOUT_RETURN_TYPE = YES_ERROR;
				GCC_WARN_UNDECLARED_SELECTOR = YES;
				GCC_WARN_UNINITIALIZED_AUTOS = YES_AGGRESSIVE;
				GCC_WARN_UNUSED_FUNCTION = YES;
				GCC_WARN_UNUSED_VARIABLE = YES;
				IPHONEOS_DEPLOYMENT_TARGET = 7.1;
				ONLY_ACTIVE_ARCH = YES;
				SDKROOT = iphoneos;
			};
			name = Debug;
		};
		049E675918DEECE700C61C2F /* Release */ = {
			isa = XCBuildConfiguration;
			buildSettings = {
				ALWAYS_SEARCH_USER_PATHS = NO;
				CLANG_CXX_LANGUAGE_STANDARD = "gnu++0x";
				CLANG_CXX_LIBRARY = "libc++";
				CLANG_ENABLE_MODULES = YES;
				CLANG_ENABLE_OBJC_ARC = YES;
				CLANG_WARN_BOOL_CONVERSION = YES;
				CLANG_WARN_CONSTANT_CONVERSION = YES;
				CLANG_WARN_DIRECT_OBJC_ISA_USAGE = YES_ERROR;
				CLANG_WARN_EMPTY_BODY = YES;
				CLANG_WARN_ENUM_CONVERSION = YES;
				CLANG_WARN_INT_CONVERSION = YES;
				CLANG_WARN_OBJC_ROOT_CLASS = YES_ERROR;
				CLANG_WARN__DUPLICATE_METHOD_MATCH = YES;
				"CODE_SIGN_IDENTITY[sdk=iphoneos*]" = "iPhone Developer";
				COPY_PHASE_STRIP = YES;
				ENABLE_NS_ASSERTIONS = NO;
				GCC_C_LANGUAGE_STANDARD = gnu99;
				GCC_WARN_64_TO_32_BIT_CONVERSION = YES;
				GCC_WARN_ABOUT_RETURN_TYPE = YES_ERROR;
				GCC_WARN_UNDECLARED_SELECTOR = YES;
				GCC_WARN_UNINITIALIZED_AUTOS = YES_AGGRESSIVE;
				GCC_WARN_UNUSED_FUNCTION = YES;
				GCC_WARN_UNUSED_VARIABLE = YES;
				IPHONEOS_DEPLOYMENT_TARGET = 7.1;
				SDKROOT = iphoneos;
				VALIDATE_PRODUCT = YES;
			};
			name = Release;
		};
		049E675B18DEECE700C61C2F /* Debug */ = {
			isa = XCBuildConfiguration;
			buildSettings = {
				ASSETCATALOG_COMPILER_APPICON_NAME = AppIcon;
				ASSETCATALOG_COMPILER_LAUNCHIMAGE_NAME = LaunchImage;
				GCC_PRECOMPILE_PREFIX_HEADER = YES;
				GCC_PREFIX_HEADER = "JKLabelAnimation/JKLabelAnimation-Prefix.pch";
				INFOPLIST_FILE = "JKLabelAnimation/JKLabelAnimation-Info.plist";
				PRODUCT_NAME = "$(TARGET_NAME)";
				WRAPPER_EXTENSION = app;
			};
			name = Debug;
		};
		049E675C18DEECE700C61C2F /* Release */ = {
			isa = XCBuildConfiguration;
			buildSettings = {
				ASSETCATALOG_COMPILER_APPICON_NAME = AppIcon;
				ASSETCATALOG_COMPILER_LAUNCHIMAGE_NAME = LaunchImage;
				GCC_PRECOMPILE_PREFIX_HEADER = YES;
				GCC_PREFIX_HEADER = "JKLabelAnimation/JKLabelAnimation-Prefix.pch";
				INFOPLIST_FILE = "JKLabelAnimation/JKLabelAnimation-Info.plist";
				PRODUCT_NAME = "$(TARGET_NAME)";
				WRAPPER_EXTENSION = app;
			};
			name = Release;
		};
		049E675E18DEECE700C61C2F /* Debug */ = {
			isa = XCBuildConfiguration;
			buildSettings = {
				BUNDLE_LOADER = "$(BUILT_PRODUCTS_DIR)/JKLabelAnimation.app/JKLabelAnimation";
				FRAMEWORK_SEARCH_PATHS = (
					"$(SDKROOT)/Developer/Library/Frameworks",
					"$(inherited)",
					"$(DEVELOPER_FRAMEWORKS_DIR)",
				);
				GCC_PRECOMPILE_PREFIX_HEADER = YES;
				GCC_PREFIX_HEADER = "JKLabelAnimation/JKLabelAnimation-Prefix.pch";
				GCC_PREPROCESSOR_DEFINITIONS = (
					"DEBUG=1",
					"$(inherited)",
				);
				INFOPLIST_FILE = "JKLabelAnimationTests/JKLabelAnimationTests-Info.plist";
				PRODUCT_NAME = "$(TARGET_NAME)";
				TEST_HOST = "$(BUNDLE_LOADER)";
				WRAPPER_EXTENSION = xctest;
			};
			name = Debug;
		};
		049E675F18DEECE700C61C2F /* Release */ = {
			isa = XCBuildConfiguration;
			buildSettings = {
				BUNDLE_LOADER = "$(BUILT_PRODUCTS_DIR)/JKLabelAnimation.app/JKLabelAnimation";
				FRAMEWORK_SEARCH_PATHS = (
					"$(SDKROOT)/Developer/Library/Frameworks",
					"$(inherited)",
					"$(DEVELOPER_FRAMEWORKS_DIR)",
				);
				GCC_PRECOMPILE_PREFIX_HEADER = YES;
				GCC_PREFIX_HEADER = "JKLabelAnimation/JKLabelAnimation-Prefix.pch";
				INFOPLIST_FILE = "JKLabelAnimationTests/JKLabelAnimationTests-Info.plist";
				PRODUCT_NAME = "$(TARGET_NAME)";
				TEST_HOST = "$(BUNDLE_LOADER)";
				WRAPPER_EXTENSION = xctest;
			};
			name = Release;
		};
/* End XCBuildConfiguration section */

/* Begin XCConfigurationList section */
		049E672318DEECE700C61C2F /* Build configuration list for PBXProject "JKLabelAnimation" */ = {
			isa = XCConfigurationList;
			buildConfigurations = (
				049E675818DEECE700C61C2F /* Debug */,
				049E675918DEECE700C61C2F /* Release */,
			);
			defaultConfigurationIsVisible = 0;
			defaultConfigurationName = Release;
		};
		049E675A18DEECE700C61C2F /* Build configuration list for PBXNativeTarget "JKLabelAnimation" */ = {
			isa = XCConfigurationList;
			buildConfigurations = (
				049E675B18DEECE700C61C2F /* Debug */,
				049E675C18DEECE700C61C2F /* Release */,
			);
			defaultConfigurationIsVisible = 0;
		};
		049E675D18DEECE700C61C2F /* Build configuration list for PBXNativeTarget "JKLabelAnimationTests" */ = {
			isa = XCConfigurationList;
			buildConfigurations = (
				049E675E18DEECE700C61C2F /* Debug */,
				049E675F18DEECE700C61C2F /* Release */,
			);
			defaultConfigurationIsVisible = 0;
		};
/* End XCConfigurationList section */
	};
	rootObject = 049E672018DEECE700C61C2F /* Project object */;
}
